
Microsoft Visual Studio Solution File, Format Version 12.00
# Visual Studio Version 16
VisualStudioVersion = 16.0.29806.167
MinimumVisualStudioVersion = 10.0.40219.1
Project("{FAE04EC0-301F-11D3-BF4B-00C04F79EFBC}") = "CalcCheck", "CalcCheck\CalcCheck.csproj", "{647E84E3-70F8-4A79-ACD0-78D054173B4F}"
EndProject
Global
	GlobalSection(SolutionConfigurationPlatforms) = preSolution
		Debug|Any CPU = Debug|Any CPU
		Release|Any CPU = Release|Any CPU
	EndGlobalSection
	GlobalSection(ProjectConfigurationPlatforms) = postSolution
		{647E84E3-70F8-4A79-ACD0-78D054173B4F}.Debug|Any CPU.ActiveCfg = Debug|Any CPU
		{647E84E3-70F8-4A79-ACD0-78D054173B4F}.Debug|Any CPU.Build.0 = Debug|Any CPU
		{647E84E3-70F8-4A79-ACD0-78D054173B4F}.Release|Any CPU.ActiveCfg = Release|Any CPU
		{647E84E3-70F8-4A79-ACD0-78D054173B4F}.Release|Any CPU.Build.0 = Release|Any CPU
	EndGlobalSection
	GlobalSection(SolutionProperties) = preSolution
		HideSolutionNode = FALSE
	EndGlobalSection
	GlobalSection(ExtensibilityGlobals) = postSolution
		SolutionGuid = {166B5487-0B0C-4D4A-A5FB-00EB0D58690F}
	EndGlobalSection
EndGlobal
